
Microsoft Visual Studio Solution File, Format Version 12.00
# Visual Studio Version 17
VisualStudioVersion = 17.5.2.0
MinimumVisualStudioVersion = 10.0.40219.1
Project("{2150E333-8FDC-42A3-9474-1A3956D46DE8}") = "src", "src", "{827E0CD3-B72D-47B6-A68D-7590B98EB39B}"
EndProject
Project("{FAE04EC0-301F-11D3-BF4B-00C04F79EFBC}") = "TheNerdCollective.MudComponents.MudQuillEditor", "src\TheNerdCollective.MudComponents.MudQuillEditor\TheNerdCollective.MudComponents.MudQuillEditor.csproj", "{2D5E4374-0EB2-3387-E3BF-E0DF7C873938}"
EndProject
Project("{FAE04EC0-301F-11D3-BF4B-00C04F79EFBC}") = "TheNerdCollective.MudComponents.MudSwiper", "src\TheNerdCollective.MudComponents.MudSwiper\TheNerdCollective.MudComponents.MudSwiper.csproj", "{9F8E5C72-1B4D-4E8F-9A2C-5D3E8F7C9A1B}"
EndProject
Project("{FAE04EC0-301F-11D3-BF4B-00C04F79EFBC}") = "TheNerdCollective.Components", "src\TheNerdCollective.Components\TheNerdCollective.Components.csproj", "{3379C6FC-0323-F5B8-7B92-4E2D7A92F799}"
EndProject
Project("{FAE04EC0-301F-11D3-BF4B-00C04F79EFBC}") = "TheNerdCollective.Demo", "src\TheNerdCollective.Demo\TheNerdCollective.Demo.csproj", "{66610D69-1291-8012-CCEF-BEBC7FBF95A8}"
EndProject
Project("{FAE04EC0-301F-11D3-BF4B-00C04F79EFBC}") = "TheNerdCollective.Services", "src\TheNerdCollective.Services\TheNerdCollective.Services.csproj", "{BDD935C2-B67C-3483-4773-F897D915C104}"
EndProject
Project("{FAE04EC0-301F-11D3-BF4B-00C04F79EFBC}") = "TheNerdCollective.Helpers", "src\TheNerdCollective.Helpers\TheNerdCollective.Helpers.csproj", "{B36053EF-C2F1-54D3-2FF4-D8DB59C93051}"
EndProject
Project("{FAE04EC0-301F-11D3-BF4B-00C04F79EFBC}") = "TheNerdCollective.Integrations.Harvest", "src\TheNerdCollective.Integrations.Harvest\TheNerdCollective.Integrations.Harvest.csproj", "{BB929F94-71B0-6FA2-F182-A88F3959BC20}"
EndProject
Project("{FAE04EC0-301F-11D3-BF4B-00C04F79EFBC}") = "TheNerdCollective.Integrations.GitHub", "src\TheNerdCollective.Integrations.GitHub\TheNerdCollective.Integrations.GitHub.csproj", "{9B7D1184-13CA-2284-3F37-2B894C34A0CE}"
EndProject
Project("{FAE04EC0-301F-11D3-BF4B-00C04F79EFBC}") = "TheNerdCollective.Integrations.AzurePipelines", "src\TheNerdCollective.Integrations.AzurePipelines\TheNerdCollective.Integrations.AzurePipelines.csproj", "{17E6841D-D38C-3827-388E-D02FB3448528}"
EndProject
Project("{FAE04EC0-301F-11D3-BF4B-00C04F79EFBC}") = "TheNerdCollective.MudComponents.HarvestTimesheet", "src\TheNerdCollective.MudComponents.HarvestTimesheet\TheNerdCollective.MudComponents.HarvestTimesheet.csproj", "{748F1ECD-33CE-B130-7D3E-5CB7B81F72F6}"
EndProject
Project("{FAE04EC0-301F-11D3-BF4B-00C04F79EFBC}") = "TheNerdCollective.Blazor.Reconnect", "src\TheNerdCollective.Blazor.Reconnect\TheNerdCollective.Blazor.Reconnect.csproj", "{65B122A3-6D0D-41EC-A093-A2453E99E24E}"
EndProject
Project("{FAE04EC0-301F-11D3-BF4B-00C04F79EFBC}") = "TheNerdCollective.Blazor.VersionMonitor", "src\TheNerdCollective.Blazor.VersionMonitor\TheNerdCollective.Blazor.VersionMonitor.csproj", "{D2F8A595-3181-4910-AD75-2C309CE1169B}"
EndProject
Project("{FAE04EC0-301F-11D3-BF4B-00C04F79EFBC}") = "TheNerdCollective.Blazor.SessionMonitor", "src\TheNerdCollective.Blazor.SessionMonitor\TheNerdCollective.Blazor.SessionMonitor.csproj", "{A7C3E8F9-4D2A-4B11-8C5E-1F3A2E4D5C6B}"
EndProject
Project("{FAE04EC0-301F-11D3-BF4B-00C04F79EFBC}") = "TheNerdCollective.MudComponents.SessionMonitor", "src\TheNerdCollective.MudComponents.SessionMonitor\TheNerdCollective.MudComponents.SessionMonitor.csproj", "{B8D4F5C9-3E2A-4D1F-8B7C-2A5E9D6F1C3A}"
EndProject
Project("{FAE04EC0-301F-11D3-BF4B-00C04F79EFBC}") = "TheNerdCollective.Cli.Trello", "src\TheNerdCollective.Cli.Trello\TheNerdCollective.Cli.Trello.csproj", "{53C894B0-7D97-4769-9669-FEC9E4DD1B33}"
EndProject
Project("{FAE04EC0-301F-11D3-BF4B-00C04F79EFBC}") = "TheNerdCollective.Integrations.Dar", "src\TheNerdCollective.Integrations.Dar\TheNerdCollective.Integrations.Dar.csproj", "{9705E37F-23D3-4E6A-AA12-9525D5A8CB6D}"
EndProject
Project("{FAE04EC0-301F-11D3-BF4B-00C04F79EFBC}") = "TheNerdCollective.Integrations.Dar.TestWeb", "src\TheNerdCollective.Integrations.Dar.TestWeb\TheNerdCollective.Integrations.Dar.TestWeb.csproj", "{C3109B55-115B-4615-94FA-54E2AF9A97B9}"
EndProject
Project("{2150E333-8FDC-42A3-9474-1A3956D46DE8}") = "tests", "tests", "{0AB3BF05-4346-4AA6-1389-037BE0695223}"
EndProject
Project("{FAE04EC0-301F-11D3-BF4B-00C04F79EFBC}") = "TheNerdCollective.Integrations.Dar.IntegrationTests", "tests\TheNerdCollective.Integrations.Dar.IntegrationTests\TheNerdCollective.Integrations.Dar.IntegrationTests.csproj", "{CD29D0C0-2514-48F8-A83B-995259724534}"
EndProject
Project("{FAE04EC0-301F-11D3-BF4B-00C04F79EFBC}") = "TheNerdCollective.Blazor.ThemeKit", "src\TheNerdCollective.Blazor.ThemeKit\TheNerdCollective.Blazor.ThemeKit.csproj", "{92F8D77E-AA0F-4043-9099-0BE15D480FBC}"
EndProject
Project("{FAE04EC0-301F-11D3-BF4B-00C04F79EFBC}") = "TheNerdCollective.MudComponents.ThemeKit", "src\TheNerdCollective.MudComponents.ThemeKit\TheNerdCollective.MudComponents.ThemeKit.csproj", "{5802D969-EFB5-46F7-9927-37D4453F02C2}"
EndProject
Project("{FAE04EC0-301F-11D3-BF4B-00C04F79EFBC}") = "TheNerdCollective.Blazor.ThemeKit.Tests", "tests\TheNerdCollective.Blazor.ThemeKit.Tests\TheNerdCollective.Blazor.ThemeKit.Tests.csproj", "{5C480BE3-D05D-46F7-880B-46354FF1E7FD}"
EndProject
Project("{FAE04EC0-301F-11D3-BF4B-00C04F79EFBC}") = "TheNerdCollective.MudComponents.Shared", "src\TheNerdCollective.MudComponents.Shared\TheNerdCollective.MudComponents.Shared.csproj", "{552B1D68-EF46-43A7-B488-413621769667}"
EndProject
Project("{FAE04EC0-301F-11D3-BF4B-00C04F79EFBC}") = "TheNerdCollective.MudComponents.DesignTokens", "src\TheNerdCollective.MudComponents.DesignTokens\TheNerdCollective.MudComponents.DesignTokens.csproj", "{FD194AED-BA37-4891-B3AF-B65A5EF4BDF1}"
EndProject
Project("{FAE04EC0-301F-11D3-BF4B-00C04F79EFBC}") = "TheNerdCollective.MudComponents.ResponsiveTypography", "src\TheNerdCollective.MudComponents.ResponsiveTypography\TheNerdCollective.MudComponents.ResponsiveTypography.csproj", "{88FFB858-3BBD-45EE-8C55-A3A533F81521}"
EndProject
Project("{FAE04EC0-301F-11D3-BF4B-00C04F79EFBC}") = "TheNerdCollective.MudComponents.DesignTokens.Tests", "tests\TheNerdCollective.MudComponents.DesignTokens.Tests\TheNerdCollective.MudComponents.DesignTokens.Tests.csproj", "{AB0458E7-9B1B-4E4E-91DB-629C05128DB9}"
EndProject
Project("{FAE04EC0-301F-11D3-BF4B-00C04F79EFBC}") = "TheNerdCollective.MudComponents.ResponsiveTypography.Tests", "tests\TheNerdCollective.MudComponents.ResponsiveTypography.Tests\TheNerdCollective.MudComponents.ResponsiveTypography.Tests.csproj", "{66DD2781-DAAD-4416-997B-D2868D988706}"
EndProject
Project("{FAE04EC0-301F-11D3-BF4B-00C04F79EFBC}") = "TheNerdCollective.MudComponents.Shared.Tests", "tests\TheNerdCollective.MudComponents.Shared.Tests\TheNerdCollective.MudComponents.Shared.Tests.csproj", "{4C802ED9-798D-49DD-A298-8C02AD9B6CC4}"
EndProject
Project("{FAE04EC0-301F-11D3-BF4B-00C04F79EFBC}") = "TheNerdCollective.MudComponents.PlayBook", "src\TheNerdCollective.MudComponents.PlayBook\TheNerdCollective.MudComponents.PlayBook.csproj", "{2841DA0D-AE87-4A1F-BFD3-31ACFEC0C1DB}"
EndProject
Project("{FAE04EC0-301F-11D3-BF4B-00C04F79EFBC}") = "TheNerdCollective.MudComponents.PlayBook.Tests", "tests\TheNerdCollective.MudComponents.PlayBook.Tests\TheNerdCollective.MudComponents.PlayBook.Tests.csproj", "{D7EEAAD7-9EF0-43FB-9ED1-3BADE9DA3781}"
EndProject
Project("{FAE04EC0-301F-11D3-BF4B-00C04F79EFBC}") = "TheNerdCollective.Brand.Dnf", "src\TheNerdCollective.Brand.Dnf\TheNerdCollective.Brand.Dnf.csproj", "{9C306705-FD0F-4320-BF8E-0BFBCCFA3A9D}"
EndProject
Project("{FAE04EC0-301F-11D3-BF4B-00C04F79EFBC}") = "TheNerdCollective.Brand.Tnc", "src\TheNerdCollective.Brand.Tnc\TheNerdCollective.Brand.Tnc.csproj", "{BE952847-9C8D-4475-9518-528445D116E2}"
EndProject
Project("{FAE04EC0-301F-11D3-BF4B-00C04F79EFBC}") = "TheNerdCollective.Brand.Acme", "src\TheNerdCollective.Brand.Acme\TheNerdCollective.Brand.Acme.csproj", "{E84294DE-E1F3-4C6F-BF64-7DD359BFE5D7}"
EndProject
Project("{FAE04EC0-301F-11D3-BF4B-00C04F79EFBC}") = "TheNerdCollective.Brand.Demo", "src\TheNerdCollective.Brand.Demo\TheNerdCollective.Brand.Demo.csproj", "{BD09A1DB-6F88-40FF-B932-46A1D7406F22}"
EndProject
Project("{FAE04EC0-301F-11D3-BF4B-00C04F79EFBC}") = "TheNerdCollective.MudComponents.DesignTokens.Catalog", "src\TheNerdCollective.MudComponents.DesignTokens.Catalog\TheNerdCollective.MudComponents.DesignTokens.Catalog.csproj", "{C8490614-6E09-4892-A9A6-BBAA3F87BC24}"
EndProject
Project("{FAE04EC0-301F-11D3-BF4B-00C04F79EFBC}") = "TheNerdCollective.MudComponents.ResponsiveTypography.Catalog", "src\TheNerdCollective.MudComponents.ResponsiveTypography.Catalog\TheNerdCollective.MudComponents.ResponsiveTypography.Catalog.csproj", "{2C7C7E15-7FBA-474D-BA64-4606308321C9}"
EndProject
Project("{FAE04EC0-301F-11D3-BF4B-00C04F79EFBC}") = "TheNerdCollective.Brand.Dryk", "src\TheNerdCollective.Brand.Dryk\TheNerdCollective.Brand.Dryk.csproj", "{BF0D7535-1BC2-4FCF-9961-18EC8B7E7136}"
EndProject
Global
	GlobalSection(SolutionConfigurationPlatforms) = preSolution
		Debug|Any CPU = Debug|Any CPU
		Debug|x64 = Debug|x64
		Debug|x86 = Debug|x86
		Release|Any CPU = Release|Any CPU
		Release|x64 = Release|x64
		Release|x86 = Release|x86
	EndGlobalSection
	GlobalSection(ProjectConfigurationPlatforms) = postSolution
		{2D5E4374-0EB2-3387-E3BF-E0DF7C873938}.Debug|Any CPU.ActiveCfg = Debug|Any CPU
		{2D5E4374-0EB2-3387-E3BF-E0DF7C873938}.Debug|Any CPU.Build.0 = Debug|Any CPU
		{2D5E4374-0EB2-3387-E3BF-E0DF7C873938}.Debug|x64.ActiveCfg = Debug|Any CPU
		{2D5E4374-0EB2-3387-E3BF-E0DF7C873938}.Debug|x64.Build.0 = Debug|Any CPU
		{2D5E4374-0EB2-3387-E3BF-E0DF7C873938}.Debug|x86.ActiveCfg = Debug|Any CPU
		{2D5E4374-0EB2-3387-E3BF-E0DF7C873938}.Debug|x86.Build.0 = Debug|Any CPU
		{2D5E4374-0EB2-3387-E3BF-E0DF7C873938}.Release|Any CPU.ActiveCfg = Release|Any CPU
		{2D5E4374-0EB2-3387-E3BF-E0DF7C873938}.Release|Any CPU.Build.0 = Release|Any CPU
		{2D5E4374-0EB2-3387-E3BF-E0DF7C873938}.Release|x64.ActiveCfg = Release|Any CPU
		{2D5E4374-0EB2-3387-E3BF-E0DF7C873938}.Release|x64.Build.0 = Release|Any CPU
		{2D5E4374-0EB2-3387-E3BF-E0DF7C873938}.Release|x86.ActiveCfg = Release|Any CPU
		{2D5E4374-0EB2-3387-E3BF-E0DF7C873938}.Release|x86.Build.0 = Release|Any CPU
		{9F8E5C72-1B4D-4E8F-9A2C-5D3E8F7C9A1B}.Debug|Any CPU.ActiveCfg = Debug|Any CPU
		{9F8E5C72-1B4D-4E8F-9A2C-5D3E8F7C9A1B}.Debug|Any CPU.Build.0 = Debug|Any CPU
		{9F8E5C72-1B4D-4E8F-9A2C-5D3E8F7C9A1B}.Debug|x64.ActiveCfg = Debug|Any CPU
		{9F8E5C72-1B4D-4E8F-9A2C-5D3E8F7C9A1B}.Debug|x64.Build.0 = Debug|Any CPU
		{9F8E5C72-1B4D-4E8F-9A2C-5D3E8F7C9A1B}.Debug|x86.ActiveCfg = Debug|Any CPU
		{9F8E5C72-1B4D-4E8F-9A2C-5D3E8F7C9A1B}.Debug|x86.Build.0 = Debug|Any CPU
		{9F8E5C72-1B4D-4E8F-9A2C-5D3E8F7C9A1B}.Release|Any CPU.ActiveCfg = Release|Any CPU
		{9F8E5C72-1B4D-4E8F-9A2C-5D3E8F7C9A1B}.Release|Any CPU.Build.0 = Release|Any CPU
		{9F8E5C72-1B4D-4E8F-9A2C-5D3E8F7C9A1B}.Release|x64.ActiveCfg = Release|Any CPU
		{9F8E5C72-1B4D-4E8F-9A2C-5D3E8F7C9A1B}.Release|x64.Build.0 = Release|Any CPU
		{9F8E5C72-1B4D-4E8F-9A2C-5D3E8F7C9A1B}.Release|x86.ActiveCfg = Release|Any CPU
		{9F8E5C72-1B4D-4E8F-9A2C-5D3E8F7C9A1B}.Release|x86.Build.0 = Release|Any CPU
		{3379C6FC-0323-F5B8-7B92-4E2D7A92F799}.Debug|Any CPU.ActiveCfg = Debug|Any CPU
		{3379C6FC-0323-F5B8-7B92-4E2D7A92F799}.Debug|Any CPU.Build.0 = Debug|Any CPU
		{3379C6FC-0323-F5B8-7B92-4E2D7A92F799}.Debug|x64.ActiveCfg = Debug|Any CPU
		{3379C6FC-0323-F5B8-7B92-4E2D7A92F799}.Debug|x64.Build.0 = Debug|Any CPU
		{3379C6FC-0323-F5B8-7B92-4E2D7A92F799}.Debug|x86.ActiveCfg = Debug|Any CPU
		{3379C6FC-0323-F5B8-7B92-4E2D7A92F799}.Debug|x86.Build.0 = Debug|Any CPU
		{3379C6FC-0323-F5B8-7B92-4E2D7A92F799}.Release|Any CPU.ActiveCfg = Release|Any CPU
		{3379C6FC-0323-F5B8-7B92-4E2D7A92F799}.Release|Any CPU.Build.0 = Release|Any CPU
		{3379C6FC-0323-F5B8-7B92-4E2D7A92F799}.Release|x64.ActiveCfg = Release|Any CPU
		{3379C6FC-0323-F5B8-7B92-4E2D7A92F799}.Release|x64.Build.0 = Release|Any CPU
		{3379C6FC-0323-F5B8-7B92-4E2D7A92F799}.Release|x86.ActiveCfg = Release|Any CPU
		{3379C6FC-0323-F5B8-7B92-4E2D7A92F799}.Release|x86.Build.0 = Release|Any CPU
		{66610D69-1291-8012-CCEF-BEBC7FBF95A8}.Debug|Any CPU.ActiveCfg = Debug|Any CPU
		{66610D69-1291-8012-CCEF-BEBC7FBF95A8}.Debug|Any CPU.Build.0 = Debug|Any CPU
		{66610D69-1291-8012-CCEF-BEBC7FBF95A8}.Debug|x64.ActiveCfg = Debug|Any CPU
		{66610D69-1291-8012-CCEF-BEBC7FBF95A8}.Debug|x64.Build.0 = Debug|Any CPU
		{66610D69-1291-8012-CCEF-BEBC7FBF95A8}.Debug|x86.ActiveCfg = Debug|Any CPU
		{66610D69-1291-8012-CCEF-BEBC7FBF95A8}.Debug|x86.Build.0 = Debug|Any CPU
		{66610D69-1291-8012-CCEF-BEBC7FBF95A8}.Release|Any CPU.ActiveCfg = Release|Any CPU
		{66610D69-1291-8012-CCEF-BEBC7FBF95A8}.Release|Any CPU.Build.0 = Release|Any CPU
		{66610D69-1291-8012-CCEF-BEBC7FBF95A8}.Release|x64.ActiveCfg = Release|Any CPU
		{66610D69-1291-8012-CCEF-BEBC7FBF95A8}.Release|x64.Build.0 = Release|Any CPU
		{66610D69-1291-8012-CCEF-BEBC7FBF95A8}.Release|x86.ActiveCfg = Release|Any CPU
		{66610D69-1291-8012-CCEF-BEBC7FBF95A8}.Release|x86.Build.0 = Release|Any CPU
		{BDD935C2-B67C-3483-4773-F897D915C104}.Debug|Any CPU.ActiveCfg = Debug|Any CPU
		{BDD935C2-B67C-3483-4773-F897D915C104}.Debug|Any CPU.Build.0 = Debug|Any CPU
		{BDD935C2-B67C-3483-4773-F897D915C104}.Debug|x64.ActiveCfg = Debug|Any CPU
		{BDD935C2-B67C-3483-4773-F897D915C104}.Debug|x64.Build.0 = Debug|Any CPU
		{BDD935C2-B67C-3483-4773-F897D915C104}.Debug|x86.ActiveCfg = Debug|Any CPU
		{BDD935C2-B67C-3483-4773-F897D915C104}.Debug|x86.Build.0 = Debug|Any CPU
		{BDD935C2-B67C-3483-4773-F897D915C104}.Release|Any CPU.ActiveCfg = Release|Any CPU
		{BDD935C2-B67C-3483-4773-F897D915C104}.Release|Any CPU.Build.0 = Release|Any CPU
		{BDD935C2-B67C-3483-4773-F897D915C104}.Release|x64.ActiveCfg = Release|Any CPU
		{BDD935C2-B67C-3483-4773-F897D915C104}.Release|x64.Build.0 = Release|Any CPU
		{BDD935C2-B67C-3483-4773-F897D915C104}.Release|x86.ActiveCfg = Release|Any CPU
		{BDD935C2-B67C-3483-4773-F897D915C104}.Release|x86.Build.0 = Release|Any CPU
		{B36053EF-C2F1-54D3-2FF4-D8DB59C93051}.Debug|Any CPU.ActiveCfg = Debug|Any CPU
		{B36053EF-C2F1-54D3-2FF4-D8DB59C93051}.Debug|Any CPU.Build.0 = Debug|Any CPU
		{B36053EF-C2F1-54D3-2FF4-D8DB59C93051}.Debug|x64.ActiveCfg = Debug|Any CPU
		{B36053EF-C2F1-54D3-2FF4-D8DB59C93051}.Debug|x64.Build.0 = Debug|Any CPU
		{B36053EF-C2F1-54D3-2FF4-D8DB59C93051}.Debug|x86.ActiveCfg = Debug|Any CPU
		{B36053EF-C2F1-54D3-2FF4-D8DB59C93051}.Debug|x86.Build.0 = Debug|Any CPU
		{B36053EF-C2F1-54D3-2FF4-D8DB59C93051}.Release|Any CPU.ActiveCfg = Release|Any CPU
		{B36053EF-C2F1-54D3-2FF4-D8DB59C93051}.Release|Any CPU.Build.0 = Release|Any CPU
		{B36053EF-C2F1-54D3-2FF4-D8DB59C93051}.Release|x64.ActiveCfg = Release|Any CPU
		{B36053EF-C2F1-54D3-2FF4-D8DB59C93051}.Release|x64.Build.0 = Release|Any CPU
		{B36053EF-C2F1-54D3-2FF4-D8DB59C93051}.Release|x86.ActiveCfg = Release|Any CPU
		{B36053EF-C2F1-54D3-2FF4-D8DB59C93051}.Release|x86.Build.0 = Release|Any CPU
		{BB929F94-71B0-6FA2-F182-A88F3959BC20}.Debug|Any CPU.ActiveCfg = Debug|Any CPU
		{BB929F94-71B0-6FA2-F182-A88F3959BC20}.Debug|Any CPU.Build.0 = Debug|Any CPU
		{BB929F94-71B0-6FA2-F182-A88F3959BC20}.Debug|x64.ActiveCfg = Debug|Any CPU
		{BB929F94-71B0-6FA2-F182-A88F3959BC20}.Debug|x64.Build.0 = Debug|Any CPU
		{BB929F94-71B0-6FA2-F182-A88F3959BC20}.Debug|x86.ActiveCfg = Debug|Any CPU
		{BB929F94-71B0-6FA2-F182-A88F3959BC20}.Debug|x86.Build.0 = Debug|Any CPU
		{BB929F94-71B0-6FA2-F182-A88F3959BC20}.Release|Any CPU.ActiveCfg = Release|Any CPU
		{BB929F94-71B0-6FA2-F182-A88F3959BC20}.Release|Any CPU.Build.0 = Release|Any CPU
		{BB929F94-71B0-6FA2-F182-A88F3959BC20}.Release|x64.ActiveCfg = Release|Any CPU
		{BB929F94-71B0-6FA2-F182-A88F3959BC20}.Release|x64.Build.0 = Release|Any CPU
		{BB929F94-71B0-6FA2-F182-A88F3959BC20}.Release|x86.ActiveCfg = Release|Any CPU
		{BB929F94-71B0-6FA2-F182-A88F3959BC20}.Release|x86.Build.0 = Release|Any CPU
		{9B7D1184-13CA-2284-3F37-2B894C34A0CE}.Debug|Any CPU.ActiveCfg = Debug|Any CPU
		{9B7D1184-13CA-2284-3F37-2B894C34A0CE}.Debug|Any CPU.Build.0 = Debug|Any CPU
		{9B7D1184-13CA-2284-3F37-2B894C34A0CE}.Debug|x64.ActiveCfg = Debug|Any CPU
		{9B7D1184-13CA-2284-3F37-2B894C34A0CE}.Debug|x64.Build.0 = Debug|Any CPU
		{9B7D1184-13CA-2284-3F37-2B894C34A0CE}.Debug|x86.ActiveCfg = Debug|Any CPU
		{9B7D1184-13CA-2284-3F37-2B894C34A0CE}.Debug|x86.Build.0 = Debug|Any CPU
		{9B7D1184-13CA-2284-3F37-2B894C34A0CE}.Release|Any CPU.ActiveCfg = Release|Any CPU
		{9B7D1184-13CA-2284-3F37-2B894C34A0CE}.Release|Any CPU.Build.0 = Release|Any CPU
		{9B7D1184-13CA-2284-3F37-2B894C34A0CE}.Release|x64.ActiveCfg = Release|Any CPU
		{9B7D1184-13CA-2284-3F37-2B894C34A0CE}.Release|x64.Build.0 = Release|Any CPU
		{9B7D1184-13CA-2284-3F37-2B894C34A0CE}.Release|x86.ActiveCfg = Release|Any CPU
		{9B7D1184-13CA-2284-3F37-2B894C34A0CE}.Release|x86.Build.0 = Release|Any CPU
		{17E6841D-D38C-3827-388E-D02FB3448528}.Debug|Any CPU.ActiveCfg = Debug|Any CPU
		{17E6841D-D38C-3827-388E-D02FB3448528}.Debug|Any CPU.Build.0 = Debug|Any CPU
		{17E6841D-D38C-3827-388E-D02FB3448528}.Debug|x64.ActiveCfg = Debug|Any CPU
		{17E6841D-D38C-3827-388E-D02FB3448528}.Debug|x64.Build.0 = Debug|Any CPU
		{17E6841D-D38C-3827-388E-D02FB3448528}.Debug|x86.ActiveCfg = Debug|Any CPU
		{17E6841D-D38C-3827-388E-D02FB3448528}.Debug|x86.Build.0 = Debug|Any CPU
		{17E6841D-D38C-3827-388E-D02FB3448528}.Release|Any CPU.ActiveCfg = Release|Any CPU
		{17E6841D-D38C-3827-388E-D02FB3448528}.Release|Any CPU.Build.0 = Release|Any CPU
		{17E6841D-D38C-3827-388E-D02FB3448528}.Release|x64.ActiveCfg = Release|Any CPU
		{17E6841D-D38C-3827-388E-D02FB3448528}.Release|x64.Build.0 = Release|Any CPU
		{17E6841D-D38C-3827-388E-D02FB3448528}.Release|x86.ActiveCfg = Release|Any CPU
		{17E6841D-D38C-3827-388E-D02FB3448528}.Release|x86.Build.0 = Release|Any CPU
		{748F1ECD-33CE-B130-7D3E-5CB7B81F72F6}.Debug|Any CPU.ActiveCfg = Debug|Any CPU
		{748F1ECD-33CE-B130-7D3E-5CB7B81F72F6}.Debug|Any CPU.Build.0 = Debug|Any CPU
		{748F1ECD-33CE-B130-7D3E-5CB7B81F72F6}.Debug|x64.ActiveCfg = Debug|Any CPU
		{748F1ECD-33CE-B130-7D3E-5CB7B81F72F6}.Debug|x64.Build.0 = Debug|Any CPU
		{748F1ECD-33CE-B130-7D3E-5CB7B81F72F6}.Debug|x86.ActiveCfg = Debug|Any CPU
		{748F1ECD-33CE-B130-7D3E-5CB7B81F72F6}.Debug|x86.Build.0 = Debug|Any CPU
		{748F1ECD-33CE-B130-7D3E-5CB7B81F72F6}.Release|Any CPU.ActiveCfg = Release|Any CPU
		{748F1ECD-33CE-B130-7D3E-5CB7B81F72F6}.Release|Any CPU.Build.0 = Release|Any CPU
		{748F1ECD-33CE-B130-7D3E-5CB7B81F72F6}.Release|x64.ActiveCfg = Release|Any CPU
		{748F1ECD-33CE-B130-7D3E-5CB7B81F72F6}.Release|x64.Build.0 = Release|Any CPU
		{748F1ECD-33CE-B130-7D3E-5CB7B81F72F6}.Release|x86.ActiveCfg = Release|Any CPU
		{748F1ECD-33CE-B130-7D3E-5CB7B81F72F6}.Release|x86.Build.0 = Release|Any CPU
		{65B122A3-6D0D-41EC-A093-A2453E99E24E}.Debug|Any CPU.ActiveCfg = Debug|Any CPU
		{65B122A3-6D0D-41EC-A093-A2453E99E24E}.Debug|Any CPU.Build.0 = Debug|Any CPU
		{65B122A3-6D0D-41EC-A093-A2453E99E24E}.Debug|x64.ActiveCfg = Debug|Any CPU
		{65B122A3-6D0D-41EC-A093-A2453E99E24E}.Debug|x64.Build.0 = Debug|Any CPU
		{65B122A3-6D0D-41EC-A093-A2453E99E24E}.Debug|x86.ActiveCfg = Debug|Any CPU
		{65B122A3-6D0D-41EC-A093-A2453E99E24E}.Debug|x86.Build.0 = Debug|Any CPU
		{65B122A3-6D0D-41EC-A093-A2453E99E24E}.Release|Any CPU.ActiveCfg = Release|Any CPU
		{65B122A3-6D0D-41EC-A093-A2453E99E24E}.Release|Any CPU.Build.0 = Release|Any CPU
		{65B122A3-6D0D-41EC-A093-A2453E99E24E}.Release|x64.ActiveCfg = Release|Any CPU
		{65B122A3-6D0D-41EC-A093-A2453E99E24E}.Release|x64.Build.0 = Release|Any CPU
		{65B122A3-6D0D-41EC-A093-A2453E99E24E}.Release|x86.ActiveCfg = Release|Any CPU
		{65B122A3-6D0D-41EC-A093-A2453E99E24E}.Release|x86.Build.0 = Release|Any CPU
		{D2F8A595-3181-4910-AD75-2C309CE1169B}.Debug|Any CPU.ActiveCfg = Debug|Any CPU
		{D2F8A595-3181-4910-AD75-2C309CE1169B}.Debug|Any CPU.Build.0 = Debug|Any CPU
		{D2F8A595-3181-4910-AD75-2C309CE1169B}.Debug|x64.ActiveCfg = Debug|Any CPU
		{D2F8A595-3181-4910-AD75-2C309CE1169B}.Debug|x64.Build.0 = Debug|Any CPU
		{D2F8A595-3181-4910-AD75-2C309CE1169B}.Debug|x86.ActiveCfg = Debug|Any CPU
		{D2F8A595-3181-4910-AD75-2C309CE1169B}.Debug|x86.Build.0 = Debug|Any CPU
		{D2F8A595-3181-4910-AD75-2C309CE1169B}.Release|Any CPU.ActiveCfg = Release|Any CPU
		{D2F8A595-3181-4910-AD75-2C309CE1169B}.Release|Any CPU.Build.0 = Release|Any CPU
		{D2F8A595-3181-4910-AD75-2C309CE1169B}.Release|x64.ActiveCfg = Release|Any CPU
		{D2F8A595-3181-4910-AD75-2C309CE1169B}.Release|x64.Build.0 = Release|Any CPU
		{D2F8A595-3181-4910-AD75-2C309CE1169B}.Release|x86.ActiveCfg = Release|Any CPU
		{D2F8A595-3181-4910-AD75-2C309CE1169B}.Release|x86.Build.0 = Release|Any CPU
		{A7C3E8F9-4D2A-4B11-8C5E-1F3A2E4D5C6B}.Debug|Any CPU.ActiveCfg = Debug|Any CPU
		{A7C3E8F9-4D2A-4B11-8C5E-1F3A2E4D5C6B}.Debug|Any CPU.Build.0 = Debug|Any CPU
		{A7C3E8F9-4D2A-4B11-8C5E-1F3A2E4D5C6B}.Debug|x64.ActiveCfg = Debug|Any CPU
		{A7C3E8F9-4D2A-4B11-8C5E-1F3A2E4D5C6B}.Debug|x64.Build.0 = Debug|Any CPU
		{A7C3E8F9-4D2A-4B11-8C5E-1F3A2E4D5C6B}.Debug|x86.ActiveCfg = Debug|Any CPU
		{A7C3E8F9-4D2A-4B11-8C5E-1F3A2E4D5C6B}.Debug|x86.Build.0 = Debug|Any CPU
		{A7C3E8F9-4D2A-4B11-8C5E-1F3A2E4D5C6B}.Release|Any CPU.ActiveCfg = Release|Any CPU
		{A7C3E8F9-4D2A-4B11-8C5E-1F3A2E4D5C6B}.Release|Any CPU.Build.0 = Release|Any CPU
		{A7C3E8F9-4D2A-4B11-8C5E-1F3A2E4D5C6B}.Release|x64.ActiveCfg = Release|Any CPU
		{A7C3E8F9-4D2A-4B11-8C5E-1F3A2E4D5C6B}.Release|x64.Build.0 = Release|Any CPU
		{A7C3E8F9-4D2A-4B11-8C5E-1F3A2E4D5C6B}.Release|x86.ActiveCfg = Release|Any CPU
		{A7C3E8F9-4D2A-4B11-8C5E-1F3A2E4D5C6B}.Release|x86.Build.0 = Release|Any CPU
		{B8D4F5C9-3E2A-4D1F-8B7C-2A5E9D6F1C3A}.Debug|Any CPU.ActiveCfg = Debug|Any CPU
		{B8D4F5C9-3E2A-4D1F-8B7C-2A5E9D6F1C3A}.Debug|Any CPU.Build.0 = Debug|Any CPU
		{B8D4F5C9-3E2A-4D1F-8B7C-2A5E9D6F1C3A}.Debug|x64.ActiveCfg = Debug|Any CPU
		{B8D4F5C9-3E2A-4D1F-8B7C-2A5E9D6F1C3A}.Debug|x64.Build.0 = Debug|Any CPU
		{B8D4F5C9-3E2A-4D1F-8B7C-2A5E9D6F1C3A}.Debug|x86.ActiveCfg = Debug|Any CPU
		{B8D4F5C9-3E2A-4D1F-8B7C-2A5E9D6F1C3A}.Debug|x86.Build.0 = Debug|Any CPU
		{B8D4F5C9-3E2A-4D1F-8B7C-2A5E9D6F1C3A}.Release|Any CPU.ActiveCfg = Release|Any CPU
		{B8D4F5C9-3E2A-4D1F-8B7C-2A5E9D6F1C3A}.Release|Any CPU.Build.0 = Release|Any CPU
		{B8D4F5C9-3E2A-4D1F-8B7C-2A5E9D6F1C3A}.Release|x64.ActiveCfg = Release|Any CPU
		{B8D4F5C9-3E2A-4D1F-8B7C-2A5E9D6F1C3A}.Release|x64.Build.0 = Release|Any CPU
		{B8D4F5C9-3E2A-4D1F-8B7C-2A5E9D6F1C3A}.Release|x86.ActiveCfg = Release|Any CPU
		{B8D4F5C9-3E2A-4D1F-8B7C-2A5E9D6F1C3A}.Release|x86.Build.0 = Release|Any CPU
		{53C894B0-7D97-4769-9669-FEC9E4DD1B33}.Debug|Any CPU.ActiveCfg = Debug|Any CPU
		{53C894B0-7D97-4769-9669-FEC9E4DD1B33}.Debug|Any CPU.Build.0 = Debug|Any CPU
		{53C894B0-7D97-4769-9669-FEC9E4DD1B33}.Debug|x64.ActiveCfg = Debug|Any CPU
		{53C894B0-7D97-4769-9669-FEC9E4DD1B33}.Debug|x64.Build.0 = Debug|Any CPU
		{53C894B0-7D97-4769-9669-FEC9E4DD1B33}.Debug|x86.ActiveCfg = Debug|Any CPU
		{53C894B0-7D97-4769-9669-FEC9E4DD1B33}.Debug|x86.Build.0 = Debug|Any CPU
		{53C894B0-7D97-4769-9669-FEC9E4DD1B33}.Release|Any CPU.ActiveCfg = Release|Any CPU
		{53C894B0-7D97-4769-9669-FEC9E4DD1B33}.Release|Any CPU.Build.0 = Release|Any CPU
		{53C894B0-7D97-4769-9669-FEC9E4DD1B33}.Release|x64.ActiveCfg = Release|Any CPU
		{53C894B0-7D97-4769-9669-FEC9E4DD1B33}.Release|x64.Build.0 = Release|Any CPU
		{53C894B0-7D97-4769-9669-FEC9E4DD1B33}.Release|x86.ActiveCfg = Release|Any CPU
		{53C894B0-7D97-4769-9669-FEC9E4DD1B33}.Release|x86.Build.0 = Release|Any CPU
		{9705E37F-23D3-4E6A-AA12-9525D5A8CB6D}.Debug|Any CPU.ActiveCfg = Debug|Any CPU
		{9705E37F-23D3-4E6A-AA12-9525D5A8CB6D}.Debug|Any CPU.Build.0 = Debug|Any CPU
		{9705E37F-23D3-4E6A-AA12-9525D5A8CB6D}.Debug|x64.ActiveCfg = Debug|Any CPU
		{9705E37F-23D3-4E6A-AA12-9525D5A8CB6D}.Debug|x64.Build.0 = Debug|Any CPU
		{9705E37F-23D3-4E6A-AA12-9525D5A8CB6D}.Debug|x86.ActiveCfg = Debug|Any CPU
		{9705E37F-23D3-4E6A-AA12-9525D5A8CB6D}.Debug|x86.Build.0 = Debug|Any CPU
		{9705E37F-23D3-4E6A-AA12-9525D5A8CB6D}.Release|Any CPU.ActiveCfg = Release|Any CPU
		{9705E37F-23D3-4E6A-AA12-9525D5A8CB6D}.Release|Any CPU.Build.0 = Release|Any CPU
		{9705E37F-23D3-4E6A-AA12-9525D5A8CB6D}.Release|x64.ActiveCfg = Release|Any CPU
		{9705E37F-23D3-4E6A-AA12-9525D5A8CB6D}.Release|x64.Build.0 = Release|Any CPU
		{9705E37F-23D3-4E6A-AA12-9525D5A8CB6D}.Release|x86.ActiveCfg = Release|Any CPU
		{9705E37F-23D3-4E6A-AA12-9525D5A8CB6D}.Release|x86.Build.0 = Release|Any CPU
		{C3109B55-115B-4615-94FA-54E2AF9A97B9}.Debug|Any CPU.ActiveCfg = Debug|Any CPU
		{C3109B55-115B-4615-94FA-54E2AF9A97B9}.Debug|Any CPU.Build.0 = Debug|Any CPU
		{C3109B55-115B-4615-94FA-54E2AF9A97B9}.Debug|x64.ActiveCfg = Debug|Any CPU
		{C3109B55-115B-4615-94FA-54E2AF9A97B9}.Debug|x64.Build.0 = Debug|Any CPU
		{C3109B55-115B-4615-94FA-54E2AF9A97B9}.Debug|x86.ActiveCfg = Debug|Any CPU
		{C3109B55-115B-4615-94FA-54E2AF9A97B9}.Debug|x86.Build.0 = Debug|Any CPU
		{C3109B55-115B-4615-94FA-54E2AF9A97B9}.Release|Any CPU.ActiveCfg = Release|Any CPU
		{C3109B55-115B-4615-94FA-54E2AF9A97B9}.Release|Any CPU.Build.0 = Release|Any CPU
		{C3109B55-115B-4615-94FA-54E2AF9A97B9}.Release|x64.ActiveCfg = Release|Any CPU
		{C3109B55-115B-4615-94FA-54E2AF9A97B9}.Release|x64.Build.0 = Release|Any CPU
		{C3109B55-115B-4615-94FA-54E2AF9A97B9}.Release|x86.ActiveCfg = Release|Any CPU
		{C3109B55-115B-4615-94FA-54E2AF9A97B9}.Release|x86.Build.0 = Release|Any CPU
		{CD29D0C0-2514-48F8-A83B-995259724534}.Debug|Any CPU.ActiveCfg = Debug|Any CPU
		{CD29D0C0-2514-48F8-A83B-995259724534}.Debug|Any CPU.Build.0 = Debug|Any CPU
		{CD29D0C0-2514-48F8-A83B-995259724534}.Debug|x64.ActiveCfg = Debug|Any CPU
		{CD29D0C0-2514-48F8-A83B-995259724534}.Debug|x64.Build.0 = Debug|Any CPU
		{CD29D0C0-2514-48F8-A83B-995259724534}.Debug|x86.ActiveCfg = Debug|Any CPU
		{CD29D0C0-2514-48F8-A83B-995259724534}.Debug|x86.Build.0 = Debug|Any CPU
		{CD29D0C0-2514-48F8-A83B-995259724534}.Release|Any CPU.ActiveCfg = Release|Any CPU
		{CD29D0C0-2514-48F8-A83B-995259724534}.Release|Any CPU.Build.0 = Release|Any CPU
		{CD29D0C0-2514-48F8-A83B-995259724534}.Release|x64.ActiveCfg = Release|Any CPU
		{CD29D0C0-2514-48F8-A83B-995259724534}.Release|x64.Build.0 = Release|Any CPU
		{CD29D0C0-2514-48F8-A83B-995259724534}.Release|x86.ActiveCfg = Release|Any CPU
		{CD29D0C0-2514-48F8-A83B-995259724534}.Release|x86.Build.0 = Release|Any CPU
		{92F8D77E-AA0F-4043-9099-0BE15D480FBC}.Debug|Any CPU.ActiveCfg = Debug|Any CPU
		{92F8D77E-AA0F-4043-9099-0BE15D480FBC}.Debug|Any CPU.Build.0 = Debug|Any CPU
		{92F8D77E-AA0F-4043-9099-0BE15D480FBC}.Debug|x64.ActiveCfg = Debug|Any CPU
		{92F8D77E-AA0F-4043-9099-0BE15D480FBC}.Debug|x64.Build.0 = Debug|Any CPU
		{92F8D77E-AA0F-4043-9099-0BE15D480FBC}.Debug|x86.ActiveCfg = Debug|Any CPU
		{92F8D77E-AA0F-4043-9099-0BE15D480FBC}.Debug|x86.Build.0 = Debug|Any CPU
		{92F8D77E-AA0F-4043-9099-0BE15D480FBC}.Release|Any CPU.ActiveCfg = Release|Any CPU
		{92F8D77E-AA0F-4043-9099-0BE15D480FBC}.Release|Any CPU.Build.0 = Release|Any CPU
		{92F8D77E-AA0F-4043-9099-0BE15D480FBC}.Release|x64.ActiveCfg = Release|Any CPU
		{92F8D77E-AA0F-4043-9099-0BE15D480FBC}.Release|x64.Build.0 = Release|Any CPU
		{92F8D77E-AA0F-4043-9099-0BE15D480FBC}.Release|x86.ActiveCfg = Release|Any CPU
		{92F8D77E-AA0F-4043-9099-0BE15D480FBC}.Release|x86.Build.0 = Release|Any CPU
		{5802D969-EFB5-46F7-9927-37D4453F02C2}.Debug|Any CPU.ActiveCfg = Debug|Any CPU
		{5802D969-EFB5-46F7-9927-37D4453F02C2}.Debug|Any CPU.Build.0 = Debug|Any CPU
		{5802D969-EFB5-46F7-9927-37D4453F02C2}.Debug|x64.ActiveCfg = Debug|Any CPU
		{5802D969-EFB5-46F7-9927-37D4453F02C2}.Debug|x64.Build.0 = Debug|Any CPU
		{5802D969-EFB5-46F7-9927-37D4453F02C2}.Debug|x86.ActiveCfg = Debug|Any CPU
		{5802D969-EFB5-46F7-9927-37D4453F02C2}.Debug|x86.Build.0 = Debug|Any CPU
		{5802D969-EFB5-46F7-9927-37D4453F02C2}.Release|Any CPU.ActiveCfg = Release|Any CPU
		{5802D969-EFB5-46F7-9927-37D4453F02C2}.Release|Any CPU.Build.0 = Release|Any CPU
		{5802D969-EFB5-46F7-9927-37D4453F02C2}.Release|x64.ActiveCfg = Release|Any CPU
		{5802D969-EFB5-46F7-9927-37D4453F02C2}.Release|x64.Build.0 = Release|Any CPU
		{5802D969-EFB5-46F7-9927-37D4453F02C2}.Release|x86.ActiveCfg = Release|Any CPU
		{5802D969-EFB5-46F7-9927-37D4453F02C2}.Release|x86.Build.0 = Release|Any CPU
		{5C480BE3-D05D-46F7-880B-46354FF1E7FD}.Debug|Any CPU.ActiveCfg = Debug|Any CPU
		{5C480BE3-D05D-46F7-880B-46354FF1E7FD}.Debug|Any CPU.Build.0 = Debug|Any CPU
		{5C480BE3-D05D-46F7-880B-46354FF1E7FD}.Debug|x64.ActiveCfg = Debug|Any CPU
		{5C480BE3-D05D-46F7-880B-46354FF1E7FD}.Debug|x64.Build.0 = Debug|Any CPU
		{5C480BE3-D05D-46F7-880B-46354FF1E7FD}.Debug|x86.ActiveCfg = Debug|Any CPU
		{5C480BE3-D05D-46F7-880B-46354FF1E7FD}.Debug|x86.Build.0 = Debug|Any CPU
		{5C480BE3-D05D-46F7-880B-46354FF1E7FD}.Release|Any CPU.ActiveCfg = Release|Any CPU
		{5C480BE3-D05D-46F7-880B-46354FF1E7FD}.Release|Any CPU.Build.0 = Release|Any CPU
		{5C480BE3-D05D-46F7-880B-46354FF1E7FD}.Release|x64.ActiveCfg = Release|Any CPU
		{5C480BE3-D05D-46F7-880B-46354FF1E7FD}.Release|x64.Build.0 = Release|Any CPU
		{5C480BE3-D05D-46F7-880B-46354FF1E7FD}.Release|x86.ActiveCfg = Release|Any CPU
		{5C480BE3-D05D-46F7-880B-46354FF1E7FD}.Release|x86.Build.0 = Release|Any CPU
		{552B1D68-EF46-43A7-B488-413621769667}.Debug|Any CPU.ActiveCfg = Debug|Any CPU
		{552B1D68-EF46-43A7-B488-413621769667}.Debug|Any CPU.Build.0 = Debug|Any CPU
		{552B1D68-EF46-43A7-B488-413621769667}.Debug|x64.ActiveCfg = Debug|Any CPU
		{552B1D68-EF46-43A7-B488-413621769667}.Debug|x64.Build.0 = Debug|Any CPU
		{552B1D68-EF46-43A7-B488-413621769667}.Debug|x86.ActiveCfg = Debug|Any CPU
		{552B1D68-EF46-43A7-B488-413621769667}.Debug|x86.Build.0 = Debug|Any CPU
		{552B1D68-EF46-43A7-B488-413621769667}.Release|Any CPU.ActiveCfg = Release|Any CPU
		{552B1D68-EF46-43A7-B488-413621769667}.Release|Any CPU.Build.0 = Release|Any CPU
		{552B1D68-EF46-43A7-B488-413621769667}.Release|x64.ActiveCfg = Release|Any CPU
		{552B1D68-EF46-43A7-B488-413621769667}.Release|x64.Build.0 = Release|Any CPU
		{552B1D68-EF46-43A7-B488-413621769667}.Release|x86.ActiveCfg = Release|Any CPU
		{552B1D68-EF46-43A7-B488-413621769667}.Release|x86.Build.0 = Release|Any CPU
		{FD194AED-BA37-4891-B3AF-B65A5EF4BDF1}.Debug|Any CPU.ActiveCfg = Debug|Any CPU
		{FD194AED-BA37-4891-B3AF-B65A5EF4BDF1}.Debug|Any CPU.Build.0 = Debug|Any CPU
		{FD194AED-BA37-4891-B3AF-B65A5EF4BDF1}.Debug|x64.ActiveCfg = Debug|Any CPU
		{FD194AED-BA37-4891-B3AF-B65A5EF4BDF1}.Debug|x64.Build.0 = Debug|Any CPU
		{FD194AED-BA37-4891-B3AF-B65A5EF4BDF1}.Debug|x86.ActiveCfg = Debug|Any CPU
		{FD194AED-BA37-4891-B3AF-B65A5EF4BDF1}.Debug|x86.Build.0 = Debug|Any CPU
		{FD194AED-BA37-4891-B3AF-B65A5EF4BDF1}.Release|Any CPU.ActiveCfg = Release|Any CPU
		{FD194AED-BA37-4891-B3AF-B65A5EF4BDF1}.Release|Any CPU.Build.0 = Release|Any CPU
		{FD194AED-BA37-4891-B3AF-B65A5EF4BDF1}.Release|x64.ActiveCfg = Release|Any CPU
		{FD194AED-BA37-4891-B3AF-B65A5EF4BDF1}.Release|x64.Build.0 = Release|Any CPU
		{FD194AED-BA37-4891-B3AF-B65A5EF4BDF1}.Release|x86.ActiveCfg = Release|Any CPU
		{FD194AED-BA37-4891-B3AF-B65A5EF4BDF1}.Release|x86.Build.0 = Release|Any CPU
		{88FFB858-3BBD-45EE-8C55-A3A533F81521}.Debug|Any CPU.ActiveCfg = Debug|Any CPU
		{88FFB858-3BBD-45EE-8C55-A3A533F81521}.Debug|Any CPU.Build.0 = Debug|Any CPU
		{88FFB858-3BBD-45EE-8C55-A3A533F81521}.Debug|x64.ActiveCfg = Debug|Any CPU
		{88FFB858-3BBD-45EE-8C55-A3A533F81521}.Debug|x64.Build.0 = Debug|Any CPU
		{88FFB858-3BBD-45EE-8C55-A3A533F81521}.Debug|x86.ActiveCfg = Debug|Any CPU
		{88FFB858-3BBD-45EE-8C55-A3A533F81521}.Debug|x86.Build.0 = Debug|Any CPU
		{88FFB858-3BBD-45EE-8C55-A3A533F81521}.Release|Any CPU.ActiveCfg = Release|Any CPU
		{88FFB858-3BBD-45EE-8C55-A3A533F81521}.Release|Any CPU.Build.0 = Release|Any CPU
		{88FFB858-3BBD-45EE-8C55-A3A533F81521}.Release|x64.ActiveCfg = Release|Any CPU
		{88FFB858-3BBD-45EE-8C55-A3A533F81521}.Release|x64.Build.0 = Release|Any CPU
		{88FFB858-3BBD-45EE-8C55-A3A533F81521}.Release|x86.ActiveCfg = Release|Any CPU
		{88FFB858-3BBD-45EE-8C55-A3A533F81521}.Release|x86.Build.0 = Release|Any CPU
		{AB0458E7-9B1B-4E4E-91DB-629C05128DB9}.Debug|Any CPU.ActiveCfg = Debug|Any CPU
		{AB0458E7-9B1B-4E4E-91DB-629C05128DB9}.Debug|Any CPU.Build.0 = Debug|Any CPU
		{AB0458E7-9B1B-4E4E-91DB-629C05128DB9}.Debug|x64.ActiveCfg = Debug|Any CPU
		{AB0458E7-9B1B-4E4E-91DB-629C05128DB9}.Debug|x64.Build.0 = Debug|Any CPU
		{AB0458E7-9B1B-4E4E-91DB-629C05128DB9}.Debug|x86.ActiveCfg = Debug|Any CPU
		{AB0458E7-9B1B-4E4E-91DB-629C05128DB9}.Debug|x86.Build.0 = Debug|Any CPU
		{AB0458E7-9B1B-4E4E-91DB-629C05128DB9}.Release|Any CPU.ActiveCfg = Release|Any CPU
		{AB0458E7-9B1B-4E4E-91DB-629C05128DB9}.Release|Any CPU.Build.0 = Release|Any CPU
		{AB0458E7-9B1B-4E4E-91DB-629C05128DB9}.Release|x64.ActiveCfg = Release|Any CPU
		{AB0458E7-9B1B-4E4E-91DB-629C05128DB9}.Release|x64.Build.0 = Release|Any CPU
		{AB0458E7-9B1B-4E4E-91DB-629C05128DB9}.Release|x86.ActiveCfg = Release|Any CPU
		{AB0458E7-9B1B-4E4E-91DB-629C05128DB9}.Release|x86.Build.0 = Release|Any CPU
		{66DD2781-DAAD-4416-997B-D2868D988706}.Debug|Any CPU.ActiveCfg = Debug|Any CPU
		{66DD2781-DAAD-4416-997B-D2868D988706}.Debug|Any CPU.Build.0 = Debug|Any CPU
		{66DD2781-DAAD-4416-997B-D2868D988706}.Debug|x64.ActiveCfg = Debug|Any CPU
		{66DD2781-DAAD-4416-997B-D2868D988706}.Debug|x64.Build.0 = Debug|Any CPU
		{66DD2781-DAAD-4416-997B-D2868D988706}.Debug|x86.ActiveCfg = Debug|Any CPU
		{66DD2781-DAAD-4416-997B-D2868D988706}.Debug|x86.Build.0 = Debug|Any CPU
		{66DD2781-DAAD-4416-997B-D2868D988706}.Release|Any CPU.ActiveCfg = Release|Any CPU
		{66DD2781-DAAD-4416-997B-D2868D988706}.Release|Any CPU.Build.0 = Release|Any CPU
		{66DD2781-DAAD-4416-997B-D2868D988706}.Release|x64.ActiveCfg = Release|Any CPU
		{66DD2781-DAAD-4416-997B-D2868D988706}.Release|x64.Build.0 = Release|Any CPU
		{66DD2781-DAAD-4416-997B-D2868D988706}.Release|x86.ActiveCfg = Release|Any CPU
		{66DD2781-DAAD-4416-997B-D2868D988706}.Release|x86.Build.0 = Release|Any CPU
		{4C802ED9-798D-49DD-A298-8C02AD9B6CC4}.Debug|Any CPU.ActiveCfg = Debug|Any CPU
		{4C802ED9-798D-49DD-A298-8C02AD9B6CC4}.Debug|Any CPU.Build.0 = Debug|Any CPU
		{4C802ED9-798D-49DD-A298-8C02AD9B6CC4}.Debug|x64.ActiveCfg = Debug|Any CPU
		{4C802ED9-798D-49DD-A298-8C02AD9B6CC4}.Debug|x64.Build.0 = Debug|Any CPU
		{4C802ED9-798D-49DD-A298-8C02AD9B6CC4}.Debug|x86.ActiveCfg = Debug|Any CPU
		{4C802ED9-798D-49DD-A298-8C02AD9B6CC4}.Debug|x86.Build.0 = Debug|Any CPU
		{4C802ED9-798D-49DD-A298-8C02AD9B6CC4}.Release|Any CPU.ActiveCfg = Release|Any CPU
		{4C802ED9-798D-49DD-A298-8C02AD9B6CC4}.Release|Any CPU.Build.0 = Release|Any CPU
		{4C802ED9-798D-49DD-A298-8C02AD9B6CC4}.Release|x64.ActiveCfg = Release|Any CPU
		{4C802ED9-798D-49DD-A298-8C02AD9B6CC4}.Release|x64.Build.0 = Release|Any CPU
		{4C802ED9-798D-49DD-A298-8C02AD9B6CC4}.Release|x86.ActiveCfg = Release|Any CPU
		{4C802ED9-798D-49DD-A298-8C02AD9B6CC4}.Release|x86.Build.0 = Release|Any CPU
		{2841DA0D-AE87-4A1F-BFD3-31ACFEC0C1DB}.Debug|Any CPU.ActiveCfg = Debug|Any CPU
		{2841DA0D-AE87-4A1F-BFD3-31ACFEC0C1DB}.Debug|Any CPU.Build.0 = Debug|Any CPU
		{2841DA0D-AE87-4A1F-BFD3-31ACFEC0C1DB}.Debug|x64.ActiveCfg = Debug|Any CPU
		{2841DA0D-AE87-4A1F-BFD3-31ACFEC0C1DB}.Debug|x64.Build.0 = Debug|Any CPU
		{2841DA0D-AE87-4A1F-BFD3-31ACFEC0C1DB}.Debug|x86.ActiveCfg = Debug|Any CPU
		{2841DA0D-AE87-4A1F-BFD3-31ACFEC0C1DB}.Debug|x86.Build.0 = Debug|Any CPU
		{2841DA0D-AE87-4A1F-BFD3-31ACFEC0C1DB}.Release|Any CPU.ActiveCfg = Release|Any CPU
		{2841DA0D-AE87-4A1F-BFD3-31ACFEC0C1DB}.Release|Any CPU.Build.0 = Release|Any CPU
		{2841DA0D-AE87-4A1F-BFD3-31ACFEC0C1DB}.Release|x64.ActiveCfg = Release|Any CPU
		{2841DA0D-AE87-4A1F-BFD3-31ACFEC0C1DB}.Release|x64.Build.0 = Release|Any CPU
		{2841DA0D-AE87-4A1F-BFD3-31ACFEC0C1DB}.Release|x86.ActiveCfg = Release|Any CPU
		{2841DA0D-AE87-4A1F-BFD3-31ACFEC0C1DB}.Release|x86.Build.0 = Release|Any CPU
		{D7EEAAD7-9EF0-43FB-9ED1-3BADE9DA3781}.Debug|Any CPU.ActiveCfg = Debug|Any CPU
		{D7EEAAD7-9EF0-43FB-9ED1-3BADE9DA3781}.Debug|Any CPU.Build.0 = Debug|Any CPU
		{D7EEAAD7-9EF0-43FB-9ED1-3BADE9DA3781}.Debug|x64.ActiveCfg = Debug|Any CPU
		{D7EEAAD7-9EF0-43FB-9ED1-3BADE9DA3781}.Debug|x64.Build.0 = Debug|Any CPU
		{D7EEAAD7-9EF0-43FB-9ED1-3BADE9DA3781}.Debug|x86.ActiveCfg = Debug|Any CPU
		{D7EEAAD7-9EF0-43FB-9ED1-3BADE9DA3781}.Debug|x86.Build.0 = Debug|Any CPU
		{D7EEAAD7-9EF0-43FB-9ED1-3BADE9DA3781}.Release|Any CPU.ActiveCfg = Release|Any CPU
		{D7EEAAD7-9EF0-43FB-9ED1-3BADE9DA3781}.Release|Any CPU.Build.0 = Release|Any CPU
		{D7EEAAD7-9EF0-43FB-9ED1-3BADE9DA3781}.Release|x64.ActiveCfg = Release|Any CPU
		{D7EEAAD7-9EF0-43FB-9ED1-3BADE9DA3781}.Release|x64.Build.0 = Release|Any CPU
		{D7EEAAD7-9EF0-43FB-9ED1-3BADE9DA3781}.Release|x86.ActiveCfg = Release|Any CPU
		{D7EEAAD7-9EF0-43FB-9ED1-3BADE9DA3781}.Release|x86.Build.0 = Release|Any CPU
		{9C306705-FD0F-4320-BF8E-0BFBCCFA3A9D}.Debug|Any CPU.ActiveCfg = Debug|Any CPU
		{9C306705-FD0F-4320-BF8E-0BFBCCFA3A9D}.Debug|Any CPU.Build.0 = Debug|Any CPU
		{9C306705-FD0F-4320-BF8E-0BFBCCFA3A9D}.Debug|x64.ActiveCfg = Debug|Any CPU
		{9C306705-FD0F-4320-BF8E-0BFBCCFA3A9D}.Debug|x64.Build.0 = Debug|Any CPU
		{9C306705-FD0F-4320-BF8E-0BFBCCFA3A9D}.Debug|x86.ActiveCfg = Debug|Any CPU
		{9C306705-FD0F-4320-BF8E-0BFBCCFA3A9D}.Debug|x86.Build.0 = Debug|Any CPU
		{9C306705-FD0F-4320-BF8E-0BFBCCFA3A9D}.Release|Any CPU.ActiveCfg = Release|Any CPU
		{9C306705-FD0F-4320-BF8E-0BFBCCFA3A9D}.Release|Any CPU.Build.0 = Release|Any CPU
		{9C306705-FD0F-4320-BF8E-0BFBCCFA3A9D}.Release|x64.ActiveCfg = Release|Any CPU
		{9C306705-FD0F-4320-BF8E-0BFBCCFA3A9D}.Release|x64.Build.0 = Release|Any CPU
		{9C306705-FD0F-4320-BF8E-0BFBCCFA3A9D}.Release|x86.ActiveCfg = Release|Any CPU
		{9C306705-FD0F-4320-BF8E-0BFBCCFA3A9D}.Release|x86.Build.0 = Release|Any CPU
		{BE952847-9C8D-4475-9518-528445D116E2}.Debug|Any CPU.ActiveCfg = Debug|Any CPU
		{BE952847-9C8D-4475-9518-528445D116E2}.Debug|Any CPU.Build.0 = Debug|Any CPU
		{BE952847-9C8D-4475-9518-528445D116E2}.Debug|x64.ActiveCfg = Debug|Any CPU
		{BE952847-9C8D-4475-9518-528445D116E2}.Debug|x64.Build.0 = Debug|Any CPU
		{BE952847-9C8D-4475-9518-528445D116E2}.Debug|x86.ActiveCfg = Debug|Any CPU
		{BE952847-9C8D-4475-9518-528445D116E2}.Debug|x86.Build.0 = Debug|Any CPU
		{BE952847-9C8D-4475-9518-528445D116E2}.Release|Any CPU.ActiveCfg = Release|Any CPU
		{BE952847-9C8D-4475-9518-528445D116E2}.Release|Any CPU.Build.0 = Release|Any CPU
		{BE952847-9C8D-4475-9518-528445D116E2}.Release|x64.ActiveCfg = Release|Any CPU
		{BE952847-9C8D-4475-9518-528445D116E2}.Release|x64.Build.0 = Release|Any CPU
		{BE952847-9C8D-4475-9518-528445D116E2}.Release|x86.ActiveCfg = Release|Any CPU
		{BE952847-9C8D-4475-9518-528445D116E2}.Release|x86.Build.0 = Release|Any CPU
		{E84294DE-E1F3-4C6F-BF64-7DD359BFE5D7}.Debug|Any CPU.ActiveCfg = Debug|Any CPU
		{E84294DE-E1F3-4C6F-BF64-7DD359BFE5D7}.Debug|Any CPU.Build.0 = Debug|Any CPU
		{E84294DE-E1F3-4C6F-BF64-7DD359BFE5D7}.Debug|x64.ActiveCfg = Debug|Any CPU
		{E84294DE-E1F3-4C6F-BF64-7DD359BFE5D7}.Debug|x64.Build.0 = Debug|Any CPU
		{E84294DE-E1F3-4C6F-BF64-7DD359BFE5D7}.Debug|x86.ActiveCfg = Debug|Any CPU
		{E84294DE-E1F3-4C6F-BF64-7DD359BFE5D7}.Debug|x86.Build.0 = Debug|Any CPU
		{E84294DE-E1F3-4C6F-BF64-7DD359BFE5D7}.Release|Any CPU.ActiveCfg = Release|Any CPU
		{E84294DE-E1F3-4C6F-BF64-7DD359BFE5D7}.Release|Any CPU.Build.0 = Release|Any CPU
		{E84294DE-E1F3-4C6F-BF64-7DD359BFE5D7}.Release|x64.ActiveCfg = Release|Any CPU
		{E84294DE-E1F3-4C6F-BF64-7DD359BFE5D7}.Release|x64.Build.0 = Release|Any CPU
		{E84294DE-E1F3-4C6F-BF64-7DD359BFE5D7}.Release|x86.ActiveCfg = Release|Any CPU
		{E84294DE-E1F3-4C6F-BF64-7DD359BFE5D7}.Release|x86.Build.0 = Release|Any CPU
		{BD09A1DB-6F88-40FF-B932-46A1D7406F22}.Debug|Any CPU.ActiveCfg = Debug|Any CPU
		{BD09A1DB-6F88-40FF-B932-46A1D7406F22}.Debug|Any CPU.Build.0 = Debug|Any CPU
		{BD09A1DB-6F88-40FF-B932-46A1D7406F22}.Debug|x64.ActiveCfg = Debug|Any CPU
		{BD09A1DB-6F88-40FF-B932-46A1D7406F22}.Debug|x64.Build.0 = Debug|Any CPU
		{BD09A1DB-6F88-40FF-B932-46A1D7406F22}.Debug|x86.ActiveCfg = Debug|Any CPU
		{BD09A1DB-6F88-40FF-B932-46A1D7406F22}.Debug|x86.Build.0 = Debug|Any CPU
		{BD09A1DB-6F88-40FF-B932-46A1D7406F22}.Release|Any CPU.ActiveCfg = Release|Any CPU
		{BD09A1DB-6F88-40FF-B932-46A1D7406F22}.Release|Any CPU.Build.0 = Release|Any CPU
		{BD09A1DB-6F88-40FF-B932-46A1D7406F22}.Release|x64.ActiveCfg = Release|Any CPU
		{BD09A1DB-6F88-40FF-B932-46A1D7406F22}.Release|x64.Build.0 = Release|Any CPU
		{BD09A1DB-6F88-40FF-B932-46A1D7406F22}.Release|x86.ActiveCfg = Release|Any CPU
		{BD09A1DB-6F88-40FF-B932-46A1D7406F22}.Release|x86.Build.0 = Release|Any CPU
		{C8490614-6E09-4892-A9A6-BBAA3F87BC24}.Debug|Any CPU.ActiveCfg = Debug|Any CPU
		{C8490614-6E09-4892-A9A6-BBAA3F87BC24}.Debug|Any CPU.Build.0 = Debug|Any CPU
		{C8490614-6E09-4892-A9A6-BBAA3F87BC24}.Debug|x64.ActiveCfg = Debug|Any CPU
		{C8490614-6E09-4892-A9A6-BBAA3F87BC24}.Debug|x64.Build.0 = Debug|Any CPU
		{C8490614-6E09-4892-A9A6-BBAA3F87BC24}.Debug|x86.ActiveCfg = Debug|Any CPU
		{C8490614-6E09-4892-A9A6-BBAA3F87BC24}.Debug|x86.Build.0 = Debug|Any CPU
		{C8490614-6E09-4892-A9A6-BBAA3F87BC24}.Release|Any CPU.ActiveCfg = Release|Any CPU
		{C8490614-6E09-4892-A9A6-BBAA3F87BC24}.Release|Any CPU.Build.0 = Release|Any CPU
		{C8490614-6E09-4892-A9A6-BBAA3F87BC24}.Release|x64.ActiveCfg = Release|Any CPU
		{C8490614-6E09-4892-A9A6-BBAA3F87BC24}.Release|x64.Build.0 = Release|Any CPU
		{C8490614-6E09-4892-A9A6-BBAA3F87BC24}.Release|x86.ActiveCfg = Release|Any CPU
		{C8490614-6E09-4892-A9A6-BBAA3F87BC24}.Release|x86.Build.0 = Release|Any CPU
		{2C7C7E15-7FBA-474D-BA64-4606308321C9}.Debug|Any CPU.ActiveCfg = Debug|Any CPU
		{2C7C7E15-7FBA-474D-BA64-4606308321C9}.Debug|Any CPU.Build.0 = Debug|Any CPU
		{2C7C7E15-7FBA-474D-BA64-4606308321C9}.Debug|x64.ActiveCfg = Debug|Any CPU
		{2C7C7E15-7FBA-474D-BA64-4606308321C9}.Debug|x64.Build.0 = Debug|Any CPU
		{2C7C7E15-7FBA-474D-BA64-4606308321C9}.Debug|x86.ActiveCfg = Debug|Any CPU
		{2C7C7E15-7FBA-474D-BA64-4606308321C9}.Debug|x86.Build.0 = Debug|Any CPU
		{2C7C7E15-7FBA-474D-BA64-4606308321C9}.Release|Any CPU.ActiveCfg = Release|Any CPU
		{2C7C7E15-7FBA-474D-BA64-4606308321C9}.Release|Any CPU.Build.0 = Release|Any CPU
		{2C7C7E15-7FBA-474D-BA64-4606308321C9}.Release|x64.ActiveCfg = Release|Any CPU
		{2C7C7E15-7FBA-474D-BA64-4606308321C9}.Release|x64.Build.0 = Release|Any CPU
		{2C7C7E15-7FBA-474D-BA64-4606308321C9}.Release|x86.ActiveCfg = Release|Any CPU
		{2C7C7E15-7FBA-474D-BA64-4606308321C9}.Release|x86.Build.0 = Release|Any CPU
		{BF0D7535-1BC2-4FCF-9961-18EC8B7E7136}.Debug|Any CPU.ActiveCfg = Debug|Any CPU
		{BF0D7535-1BC2-4FCF-9961-18EC8B7E7136}.Debug|Any CPU.Build.0 = Debug|Any CPU
		{BF0D7535-1BC2-4FCF-9961-18EC8B7E7136}.Debug|x64.ActiveCfg = Debug|Any CPU
		{BF0D7535-1BC2-4FCF-9961-18EC8B7E7136}.Debug|x64.Build.0 = Debug|Any CPU
		{BF0D7535-1BC2-4FCF-9961-18EC8B7E7136}.Debug|x86.ActiveCfg = Debug|Any CPU
		{BF0D7535-1BC2-4FCF-9961-18EC8B7E7136}.Debug|x86.Build.0 = Debug|Any CPU
		{BF0D7535-1BC2-4FCF-9961-18EC8B7E7136}.Release|Any CPU.ActiveCfg = Release|Any CPU
		{BF0D7535-1BC2-4FCF-9961-18EC8B7E7136}.Release|Any CPU.Build.0 = Release|Any CPU
		{BF0D7535-1BC2-4FCF-9961-18EC8B7E7136}.Release|x64.ActiveCfg = Release|Any CPU
		{BF0D7535-1BC2-4FCF-9961-18EC8B7E7136}.Release|x64.Build.0 = Release|Any CPU
		{BF0D7535-1BC2-4FCF-9961-18EC8B7E7136}.Release|x86.ActiveCfg = Release|Any CPU
		{BF0D7535-1BC2-4FCF-9961-18EC8B7E7136}.Release|x86.Build.0 = Release|Any CPU
	EndGlobalSection
	GlobalSection(SolutionProperties) = preSolution
		HideSolutionNode = FALSE
	EndGlobalSection
	GlobalSection(NestedProjects) = preSolution
		{2D5E4374-0EB2-3387-E3BF-E0DF7C873938} = {827E0CD3-B72D-47B6-A68D-7590B98EB39B}
		{65B122A3-6D0D-41EC-A093-A2453E99E24E} = {827E0CD3-B72D-47B6-A68D-7590B98EB39B}
		{D2F8A595-3181-4910-AD75-2C309CE1169B} = {827E0CD3-B72D-47B6-A68D-7590B98EB39B}
		{A7C3E8F9-4D2A-4B11-8C5E-1F3A2E4D5C6B} = {827E0CD3-B72D-47B6-A68D-7590B98EB39B}
		{B8D4F5C9-3E2A-4D1F-8B7C-2A5E9D6F1C3A} = {827E0CD3-B72D-47B6-A68D-7590B98EB39B}
		{53C894B0-7D97-4769-9669-FEC9E4DD1B33} = {827E0CD3-B72D-47B6-A68D-7590B98EB39B}
		{9705E37F-23D3-4E6A-AA12-9525D5A8CB6D} = {827E0CD3-B72D-47B6-A68D-7590B98EB39B}
		{C3109B55-115B-4615-94FA-54E2AF9A97B9} = {827E0CD3-B72D-47B6-A68D-7590B98EB39B}
		{CD29D0C0-2514-48F8-A83B-995259724534} = {0AB3BF05-4346-4AA6-1389-037BE0695223}
		{92F8D77E-AA0F-4043-9099-0BE15D480FBC} = {827E0CD3-B72D-47B6-A68D-7590B98EB39B}
		{5802D969-EFB5-46F7-9927-37D4453F02C2} = {827E0CD3-B72D-47B6-A68D-7590B98EB39B}
		{5C480BE3-D05D-46F7-880B-46354FF1E7FD} = {0AB3BF05-4346-4AA6-1389-037BE0695223}
		{552B1D68-EF46-43A7-B488-413621769667} = {827E0CD3-B72D-47B6-A68D-7590B98EB39B}
		{FD194AED-BA37-4891-B3AF-B65A5EF4BDF1} = {827E0CD3-B72D-47B6-A68D-7590B98EB39B}
		{88FFB858-3BBD-45EE-8C55-A3A533F81521} = {827E0CD3-B72D-47B6-A68D-7590B98EB39B}
		{AB0458E7-9B1B-4E4E-91DB-629C05128DB9} = {0AB3BF05-4346-4AA6-1389-037BE0695223}
		{66DD2781-DAAD-4416-997B-D2868D988706} = {0AB3BF05-4346-4AA6-1389-037BE0695223}
		{4C802ED9-798D-49DD-A298-8C02AD9B6CC4} = {0AB3BF05-4346-4AA6-1389-037BE0695223}
		{2841DA0D-AE87-4A1F-BFD3-31ACFEC0C1DB} = {827E0CD3-B72D-47B6-A68D-7590B98EB39B}
		{D7EEAAD7-9EF0-43FB-9ED1-3BADE9DA3781} = {0AB3BF05-4346-4AA6-1389-037BE0695223}
		{9C306705-FD0F-4320-BF8E-0BFBCCFA3A9D} = {827E0CD3-B72D-47B6-A68D-7590B98EB39B}
		{BE952847-9C8D-4475-9518-528445D116E2} = {827E0CD3-B72D-47B6-A68D-7590B98EB39B}
		{E84294DE-E1F3-4C6F-BF64-7DD359BFE5D7} = {827E0CD3-B72D-47B6-A68D-7590B98EB39B}
		{BD09A1DB-6F88-40FF-B932-46A1D7406F22} = {827E0CD3-B72D-47B6-A68D-7590B98EB39B}
		{C8490614-6E09-4892-A9A6-BBAA3F87BC24} = {827E0CD3-B72D-47B6-A68D-7590B98EB39B}
		{2C7C7E15-7FBA-474D-BA64-4606308321C9} = {827E0CD3-B72D-47B6-A68D-7590B98EB39B}
		{BF0D7535-1BC2-4FCF-9961-18EC8B7E7136} = {827E0CD3-B72D-47B6-A68D-7590B98EB39B}
	EndGlobalSection
	GlobalSection(ExtensibilityGlobals) = postSolution
		SolutionGuid = {1D53F923-BAF3-4969-8AB5-D88CEBA81E99}
	EndGlobalSection
EndGlobal
